lockfileVersion: '6.0'

settings:
  autoInstallPeers: true
  excludeLinksFromLockfile: false

devDependencies:
  rollup:
    specifier: ^4.16.1
    version: 4.16.1
  rollup-plugin-alias:
    specifier: link:..
    version: link:..

packages:

  /@rollup/rollup-android-arm-eabi@4.16.1:
    resolution: {integrity: sha512-92/y0TqNLRYOTXpm6Z7mnpvKAG9P7qmK7yJeRJSdzElNCUnsgbpAsGqerUboYRIQKzgfq4pWu9xVkgpWLfmNsw==}
    cpu: [arm]
    os: [android]
    requiresBuild: true
    dev: true
    optional: true

  /@rollup/rollup-android-arm64@4.16.1:
    resolution: {integrity: sha512-ttWB6ZCfRLuDIUiE0yiu5gcqOsYjA5F7kEV1ggHMj20FwLZ8A1FMeahZJFl/pnOmcnD2QL0z4AcDuo27utGU8A==}
    cpu: [arm64]
    os: [android]
    requiresBuild: true
    dev: true
    optional: true

  /@rollup/rollup-darwin-arm64@4.16.1:
    resolution: {integrity: sha512-QLDvPLetbqjHojTGFw9+nuSP3YY/iz2k1cep6crYlr97sS+ZJ0W43b8Z0zC00+lnFZj6JSNxiA4DjboNQMuh1A==}
    cpu: [arm64]
    os: [darwin]
    requiresBuild: true
    dev: true
    optional: true

  /@rollup/rollup-darwin-x64@4.16.1:
    resolution: {integrity: sha512-TAUK/D8khRrRIa1KwRzo8JNKk3tcqaeXWdtsiLgA8zmACWwlWLjPCJ4DULGHQrMkeBjp1Cd3Yuwx04lZgFx5Vg==}
    cpu: [x64]
    os: [darwin]
    requiresBuild: true
    dev: true
    optional: true

  /@rollup/rollup-linux-arm-gnueabihf@4.16.1:
    resolution: {integrity: sha512-KO+WGZjrh6zyFTD1alIFkfdtxf8B4BC+hqd3kBZHscPLvE5FR/6QKsyuCT0JlERxxYBSUKNUQ/UHyX5uwO1x2A==}
    cpu: [arm]
    os: [linux]
    requiresBuild: true
    dev: true
    optional: true

  /@rollup/rollup-linux-arm-musleabihf@4.16.1:
    resolution: {integrity: sha512-NqxbllzIB1WoAo4ThUXVtd21iiM5IHMTTXmXySKBLVcZvkU0HIZmatlP7hLzb5yQubcmdIeWmncd2NdsjocEiw==}
    cpu: [arm]
    os: [linux]
    requiresBuild: true
    dev: true
    optional: true

  /@rollup/rollup-linux-arm64-gnu@4.16.1:
    resolution: {integrity: sha512-snma5NvV8y7IECQ5rq0sr0f3UUu+92NVmG/913JXJMcXo84h9ak9TA5UI9Cl2XRM9j3m37QwDBtEYnJzRkSmxA==}
    cpu: [arm64]
    os: [linux]
    requiresBuild: true
    dev: true
    optional: true

  /@rollup/rollup-linux-arm64-musl@4.16.1:
    resolution: {integrity: sha512-KOvqGprlD84ueivhCi2flvcUwDRD20mAsE3vxQNVEI2Di9tnPGAfEu6UcrSPZbM+jG2w1oSr43hrPo0RNg6GGg==}
    cpu: [arm64]
    os: [linux]
    requiresBuild: true
    dev: true
    optional: true

  /@rollup/rollup-linux-powerpc64le-gnu@4.16.1:
    resolution: {integrity: sha512-/gsNwtiGLqYwN4vP+EIdUC6Q6LTlpupWqokqIndvZcjn9ig/5P01WyaYCU2wvfL/2Z82jp5kX8c1mDBOvCP3zg==}
    cpu: [ppc64]
    os: [linux]
    requiresBuild: true
    dev: true
    optional: true

  /@rollup/rollup-linux-riscv64-gnu@4.16.1:
    resolution: {integrity: sha512-uU8zuGkQfGqfD9w6VRJZI4IuG4JIfNxxJgEmLMAmPVHREKGsxFVfgHy5c6CexQF2vOfgjB33OsET3Vdn2lln9A==}
    cpu: [riscv64]
    os: [linux]
    requiresBuild: true
    dev: true
    optional: true

  /@rollup/rollup-linux-s390x-gnu@4.16.1:
    resolution: {integrity: sha512-lsjLtDgtcGFEuBP6yrXwkRN5/wKlvUZtfbKZZu0yaoNpiBL4epgnO21osAALIspVRnl4qZgyLFd8xjCYYWgwfw==}
    cpu: [s390x]
    os: [linux]
    requiresBuild: true
    dev: true
    optional: true

  /@rollup/rollup-linux-x64-gnu@4.16.1:
    resolution: {integrity: sha512-N2ZizKhUryqqrMfdCnjhJhZRgv61C6gK+hwVtCIKC8ts8J+go+vqENnGexwg21nHIOvLN5mBM8a7DI2vlyIOPg==}
    cpu: [x64]
    os: [linux]
    requiresBuild: true
    dev: true
    optional: true

  /@rollup/rollup-linux-x64-musl@4.16.1:
    resolution: {integrity: sha512-5ICeMxqg66FrOA2AbnBQ2TJVxfvZsKLxmof0ibvPLaYtbsJqnTUtJOofgWb46Gjd4uZcA4rdsp4JCxegzQPqCg==}
    cpu: [x64]
    os: [linux]
    requiresBuild: true
    dev: true
    optional: true

  /@rollup/rollup-win32-arm64-msvc@4.16.1:
    resolution: {integrity: sha512-1vIP6Ce02L+qWD7uZYRiFiuAJo3m9kARatWmFSnss0gZnVj2Id7OPUU9gm49JPGasgcR3xMqiH3fqBJ8t00yVg==}
    cpu: [arm64]
    os: [win32]
    requiresBuild: true
    dev: true
    optional: true

  /@rollup/rollup-win32-ia32-msvc@4.16.1:
    resolution: {integrity: sha512-Y3M92DcVsT6LoP+wrKpoUWPaazaP1fzbNkp0a0ZSj5Y//+pQVfVe/tQdsYQQy7dwXR30ZfALUIc9PCh9Izir6w==}
    cpu: [ia32]
    os: [win32]
    requiresBuild: true
    dev: true
    optional: true

  /@rollup/rollup-win32-x64-msvc@4.16.1:
    resolution: {integrity: sha512-x0fvpHMuF7fK5r8oZxSi8VYXkrVmRgubXpO/wcf15Lk3xZ4Jvvh5oG+u7Su1776A7XzVKZhD2eRc4t7H50gL3w==}
    cpu: [x64]
    os: [win32]
    requiresBuild: true
    dev: true
    optional: true

  /@types/estree@1.0.5:
    resolution: {integrity: sha512-/kYRxGDLWzHOB7q+wtSUQlFrtcdUccpfy+X+9iMBpHK8QLLhx2wIPYuS5DYtR9Wa/YlZAbIovy7qVdB1Aq6Lyw==}
    dev: true

  /fsevents@2.3.3:
    resolution: {integrity: sha512-5xoDfX+fL7faATnagmWPpbFtwh/R77WmMMqqHGS65C3vvB0YHrgF+B1YmZ3441tMj5n63k0212XNoJwzlhffQw==}
    engines: {node: ^8.16.0 || ^10.6.0 || >=11.0.0}
    os: [darwin]
    requiresBuild: true
    dev: true
    optional: true

  /rollup@4.16.1:
    resolution: {integrity: sha512-5CaD3MPDlPKfhqzRvWXK96G6ELJfPZNb3LHiZxTHgDdC6jvwfGz2E8nY+9g1ONk4ttHsK1WaFP19Js4PSr1E3g==}
    engines: {node: '>=18.0.0', npm: '>=8.0.0'}
    hasBin: true
    dependencies:
      '@types/estree': 1.0.5
    optionalDependencies:
      '@rollup/rollup-android-arm-eabi': 4.16.1
      '@rollup/rollup-android-arm64': 4.16.1
      '@rollup/rollup-darwin-arm64': 4.16.1
      '@rollup/rollup-darwin-x64': 4.16.1
      '@rollup/rollup-linux-arm-gnueabihf': 4.16.1
      '@rollup/rollup-linux-arm-musleabihf': 4.16.1
      '@rollup/rollup-linux-arm64-gnu': 4.16.1
      '@rollup/rollup-linux-arm64-musl': 4.16.1
      '@rollup/rollup-linux-powerpc64le-gnu': 4.16.1
      '@rollup/rollup-linux-riscv64-gnu': 4.16.1
      '@rollup/rollup-linux-s390x-gnu': 4.16.1
      '@rollup/rollup-linux-x64-gnu': 4.16.1
      '@rollup/rollup-linux-x64-musl': 4.16.1
      '@rollup/rollup-win32-arm64-msvc': 4.16.1
      '@rollup/rollup-win32-ia32-msvc': 4.16.1
      '@rollup/rollup-win32-x64-msvc': 4.16.1
      fsevents: 2.3.3
    dev: true
